
Microsoft Visual Studio Solution File, Format Version 12.00
# Visual Studio Version 16
VisualStudioVersion = 16.0.29609.76
MinimumVisualStudioVersion = 10.0.40219.1
Project("{9A19103F-16F7-4668-BE54-9A1E7A4F7556}") = "API", "API\API.csproj", "{14846413-42CF-40B1-98BD-9542C25AEAC4}"
EndProject
Project("{9A19103F-16F7-4668-BE54-9A1E7A4F7556}") = "Business", "Business\Business.csproj", "{BBA9AF29-90E3-43B4-937F-F75B6C6A498B}"
EndProject
Project("{9A19103F-16F7-4668-BE54-9A1E7A4F7556}") = "Data", "Data\Data.csproj", "{DE4690FB-DE61-4CCD-AA49-D73270AF60D5}"
EndProject
Project("{9A19103F-16F7-4668-BE54-9A1E7A4F7556}") = "Service", "Service\Service.csproj", "{82E20284-7D73-4839-9E38-E580DF9083B6}"
EndProject
Global
	GlobalSection(SolutionConfigurationPlatforms) = preSolution
		Debug|Any CPU = Debug|Any CPU
		Release|Any CPU = Release|Any CPU
	EndGlobalSection
	GlobalSection(ProjectConfigurationPlatforms) = postSolution
		{14846413-42CF-40B1-98BD-9542C25AEAC4}.Debug|Any CPU.ActiveCfg = Debug|Any CPU
		{14846413-42CF-40B1-98BD-9542C25AEAC4}.Debug|Any CPU.Build.0 = Debug|Any CPU
		{14846413-42CF-40B1-98BD-9542C25AEAC4}.Release|Any CPU.ActiveCfg = Release|Any CPU
		{14846413-42CF-40B1-98BD-9542C25AEAC4}.Release|Any CPU.Build.0 = Release|Any CPU
		{BBA9AF29-90E3-43B4-937F-F75B6C6A498B}.Debug|Any CPU.ActiveCfg = Debug|Any CPU
		{BBA9AF29-90E3-43B4-937F-F75B6C6A498B}.Debug|Any CPU.Build.0 = Debug|Any CPU
		{BBA9AF29-90E3-43B4-937F-F75B6C6A498B}.Release|Any CPU.ActiveCfg = Release|Any CPU
		{BBA9AF29-90E3-43B4-937F-F75B6C6A498B}.Release|Any CPU.Build.0 = Release|Any CPU
		{DE4690FB-DE61-4CCD-AA49-D73270AF60D5}.Debug|Any CPU.ActiveCfg = Debug|Any CPU
		{DE4690FB-DE61-4CCD-AA49-D73270AF60D5}.Debug|Any CPU.Build.0 = Debug|Any CPU
		{DE4690FB-DE61-4CCD-AA49-D73270AF60D5}.Release|Any CPU.ActiveCfg = Release|Any CPU
		{DE4690FB-DE61-4CCD-AA49-D73270AF60D5}.Release|Any CPU.Build.0 = Release|Any CPU
		{82E20284-7D73-4839-9E38-E580DF9083B6}.Debug|Any CPU.ActiveCfg = Debug|Any CPU
		{82E20284-7D73-4839-9E38-E580DF9083B6}.Debug|Any CPU.Build.0 = Debug|Any CPU
		{82E20284-7D73-4839-9E38-E580DF9083B6}.Release|Any CPU.ActiveCfg = Release|Any CPU
		{82E20284-7D73-4839-9E38-E580DF9083B6}.Release|Any CPU.Build.0 = Release|Any CPU
	EndGlobalSection
	GlobalSection(SolutionProperties) = preSolution
		HideSolutionNode = FALSE
	EndGlobalSection
	GlobalSection(ExtensibilityGlobals) = postSolution
		SolutionGuid = {E3FE6DF6-1786-4F6F-B130-A492E9A0AED7}
	EndGlobalSection
EndGlobal
